// !$*UTF8*$!
{
	archiveVersion = 1;
	classes = {
	};
	objectVersion = 46;
	objects = {

/* Begin PBXBuildFile section */
		0706C482C16F037FD50F451E /* StoryboardFeed.swift in Sources */ = {isa = PBXBuildFile; fileRef = 2774F089C38535B47C03062F /* StoryboardFeed.swift */; };
		0C18A28A2975324357DAF007 /* FeedViewController.swift in Sources */ = {isa = PBXBuildFile; fileRef = 4F6190371966ECBEF304A3D9 /* FeedViewController.swift */; };
		161C448864AE3772BE4FF9BC /* FeedRequestPreparer.swift in Sources */ = {isa = PBXBuildFile; fileRef = E586C0103E3D7DC47B8B8E26 /* FeedRequestPreparer.swift */; };
		4D0267D44A7BBAF21A45EF19 /* FeedParser.swift in Sources */ = {isa = PBXBuildFile; fileRef = 32F554ADB05280621F6CDE60 /* FeedParser.swift */; };
		5E31688164DE49844E850A06 /* FeedAssembly.swift in Sources */ = {isa = PBXBuildFile; fileRef = 0A305F8C58D6FB7A1E7852AB /* FeedAssembly.swift */; };
		6708969E1ECA19EC00033BEC /* Article.swift in Sources */ = {isa = PBXBuildFile; fileRef = 6708969D1ECA19EC00033BEC /* Article.swift */; };
		670896A01ECA214400033BEC /* FeedSource.swift in Sources */ = {isa = PBXBuildFile; fileRef = 6708969F1ECA214400033BEC /* FeedSource.swift */; };
		672ABD8E1EC8697B003EDCDD /* FeedParserTests.swift in Sources */ = {isa = PBXBuildFile; fileRef = 672ABD8D1EC8697B003EDCDD /* FeedParserTests.swift */; };
		672ABD991EC8697B003EDCDD /* RSSUITests.swift in Sources */ = {isa = PBXBuildFile; fileRef = 672ABD981EC8697B003EDCDD /* RSSUITests.swift */; };
		672ABE571EC86C91003EDCDD /* AppDelegate.swift in Sources */ = {isa = PBXBuildFile; fileRef = 672ABDCA1EC86C90003EDCDD /* AppDelegate.swift */; };
		672ABE581EC86C91003EDCDD /* BaseAssemblyCenter.swift in Sources */ = {isa = PBXBuildFile; fileRef = 672ABDCC1EC86C90003EDCDD /* BaseAssemblyCenter.swift */; };
		672ABE591EC86C91003EDCDD /* AssemblyCenter.swift in Sources */ = {isa = PBXBuildFile; fileRef = 672ABDCD1EC86C90003EDCDD /* AssemblyCenter.swift */; };
		672ABE721EC86C91003EDCDD /* NetworkDataKeys.swift in Sources */ = {isa = PBXBuildFile; fileRef = 672ABDFC1EC86C90003EDCDD /* NetworkDataKeys.swift */; };
		672ABE7C1EC86C91003EDCDD /* AppearanceAdjuster.swift in Sources */ = {isa = PBXBuildFile; fileRef = 672ABE131EC86C90003EDCDD /* AppearanceAdjuster.swift */; };
		672ABE7D1EC86C91003EDCDD /* ServicesAssembly.swift in Sources */ = {isa = PBXBuildFile; fileRef = 672ABE151EC86C90003EDCDD /* ServicesAssembly.swift */; };
		672ABE861EC86C91003EDCDD /* BaseViewController.swift in Sources */ = {isa = PBXBuildFile; fileRef = 672ABE2A1EC86C90003EDCDD /* BaseViewController.swift */; };
		672ABE881EC86C91003EDCDD /* ErrorExtension.swift in Sources */ = {isa = PBXBuildFile; fileRef = 672ABE2C1EC86C90003EDCDD /* ErrorExtension.swift */; };
		672ABE891EC86C91003EDCDD /* UnwrapExtension.swift in Sources */ = {isa = PBXBuildFile; fileRef = 672ABE2D1EC86C90003EDCDD /* UnwrapExtension.swift */; };
		672ABE8A1EC86C91003EDCDD /* StringExtension.swift in Sources */ = {isa = PBXBuildFile; fileRef = 672ABE2E1EC86C90003EDCDD /* StringExtension.swift */; };
		672ABE8D1EC86C91003EDCDD /* UIView+InstantiateFromNib.swift in Sources */ = {isa = PBXBuildFile; fileRef = 672ABE311EC86C90003EDCDD /* UIView+InstantiateFromNib.swift */; };
		672ABE8E1EC86C91003EDCDD /* UIViewController+SBStoryboard.swift in Sources */ = {isa = PBXBuildFile; fileRef = 672ABE321EC86C90003EDCDD /* UIViewController+SBStoryboard.swift */; };
		672ABE931EC86C91003EDCDD /* RxUnwrap.swift in Sources */ = {isa = PBXBuildFile; fileRef = 672ABE381EC86C90003EDCDD /* RxUnwrap.swift */; };
		672ABE941EC86C91003EDCDD /* UIColor+Colors.swift in Sources */ = {isa = PBXBuildFile; fileRef = 672ABE3A1EC86C90003EDCDD /* UIColor+Colors.swift */; };
		672ABE981EC86C91003EDCDD /* UIViewController+HUD.swift in Sources */ = {isa = PBXBuildFile; fileRef = 672ABE3E1EC86C90003EDCDD /* UIViewController+HUD.swift */; };
		672ABE991EC86C91003EDCDD /* Assets.xcassets in Resources */ = {isa = PBXBuildFile; fileRef = 672ABE411EC86C91003EDCDD /* Assets.xcassets */; };
		672ABE9B1EC86C91003EDCDD /* Localizable.strings in Resources */ = {isa = PBXBuildFile; fileRef = 672ABE441EC86C91003EDCDD /* Localizable.strings */; };
		6762A3EA1ECA4AC700E1C3E4 /* ItemDataXMLGenerator.swift in Sources */ = {isa = PBXBuildFile; fileRef = 6762A3E91ECA4AC700E1C3E4 /* ItemDataXMLGenerator.swift */; };
		6762A3EC1ECA4C9600E1C3E4 /* RxElementMap.swift in Sources */ = {isa = PBXBuildFile; fileRef = 6762A3EB1ECA4C9600E1C3E4 /* RxElementMap.swift */; };
		677E280D1EC897960051F94C /* RequestProcessor.swift in Sources */ = {isa = PBXBuildFile; fileRef = 677E280C1EC897960051F94C /* RequestProcessor.swift */; };
		677E28101EC89E600051F94C /* NetworkAssembly.swift in Sources */ = {isa = PBXBuildFile; fileRef = 677E280F1EC89E600051F94C /* NetworkAssembly.swift */; };
		677E28121EC89ED80051F94C /* BaseAssembly.swift in Sources */ = {isa = PBXBuildFile; fileRef = 677E28111EC89ED80051F94C /* BaseAssembly.swift */; };
		677E28141EC89F200051F94C /* LaunchScreen.storyboard in Resources */ = {isa = PBXBuildFile; fileRef = 677E28131EC89F200051F94C /* LaunchScreen.storyboard */; };
		677E281C1EC8A1410051F94C /* Storyboard.swift in Sources */ = {isa = PBXBuildFile; fileRef = 677E281B1EC8A1410051F94C /* Storyboard.swift */; };
		781CD22AEB898A75A3A9E1E5 /* FeedAccessor.swift in Sources */ = {isa = PBXBuildFile; fileRef = CCCFB81B003C27B5EA13238E /* FeedAccessor.swift */; };
		835E40C1B8361E2B424A3F1F /* Feed.storyboard in Resources */ = {isa = PBXBuildFile; fileRef = 30F1C81E31F83F17DBAA5373 /* Feed.storyboard */; };
		949ECE4441B2C931A30934CA /* Pods_RSS_RSSTests.framework in Frameworks */ = {isa = PBXBuildFile; fileRef = D3542EB36FD0F8916CA38E65 /* Pods_RSS_RSSTests.framework */; };
		BFF898178EAB1B8C8E592A80 /* FeedViewModel.swift in Sources */ = {isa = PBXBuildFile; fileRef = B248E9F7F50B3323B90F87E5 /* FeedViewModel.swift */; };
		F41C104521F9CD9E3836A923 /* Pods_RSS.framework in Frameworks */ = {isa = PBXBuildFile; fileRef = 535C0134BE76CE5B08C79A07 /* Pods_RSS.framework */; };
/* End PBXBuildFile section */

/* Begin PBXContainerItemProxy section */
		672ABD8A1EC8697B003EDCDD /* PBXContainerItemProxy */ = {
			isa = PBXContainerItemProxy;
			containerPortal = 672ABD6D1EC8697A003EDCDD /* Project object */;
			proxyType = 1;
			remoteGlobalIDString = 672ABD741EC8697A003EDCDD;
			remoteInfo = RSS;
		};
		672ABD951EC8697B003EDCDD /* PBXContainerItemProxy */ = {
			isa = PBXContainerItemProxy;
			containerPortal = 672ABD6D1EC8697A003EDCDD /* Project object */;
			proxyType = 1;
			remoteGlobalIDString = 672ABD741EC8697A003EDCDD;
			remoteInfo = RSS;
		};
/* End PBXContainerItemProxy section */

/* Begin PBXFileReference section */
		0A305F8C58D6FB7A1E7852AB /* FeedAssembly.swift */ = {isa = PBXFileReference; includeInIndex = 1; lastKnownFileType = sourcecode.swift; path = FeedAssembly.swift; sourceTree = "<group>"; };
		1857ACCDD752D6FC01DB0078 /* Pods-RSS-RSSTests.release.xcconfig */ = {isa = PBXFileReference; includeInIndex = 1; lastKnownFileType = text.xcconfig; name = "Pods-RSS-RSSTests.release.xcconfig"; path = "Pods/Target Support Files/Pods-RSS-RSSTests/Pods-RSS-RSSTests.release.xcconfig"; sourceTree = "<group>"; };
		2774F089C38535B47C03062F /* StoryboardFeed.swift */ = {isa = PBXFileReference; includeInIndex = 1; lastKnownFileType = sourcecode.swift; name = StoryboardFeed.swift; path = Storyboard/StoryboardFeed.swift; sourceTree = "<group>"; };
		30F1C81E31F83F17DBAA5373 /* Feed.storyboard */ = {isa = PBXFileReference; includeInIndex = 1; lastKnownFileType = file.storyboard; name = Feed.storyboard; path = Storyboard/Feed.storyboard; sourceTree = "<group>"; };
		32F554ADB05280621F6CDE60 /* FeedParser.swift */ = {isa = PBXFileReference; includeInIndex = 1; lastKnownFileType = sourcecode.swift; path = FeedParser.swift; sourceTree = "<group>"; };
		4F6190371966ECBEF304A3D9 /* FeedViewController.swift */ = {isa = PBXFileReference; includeInIndex = 1; lastKnownFileType = sourcecode.swift; path = FeedViewController.swift; sourceTree = "<group>"; };
		535C0134BE76CE5B08C79A07 /* Pods_RSS.framework */ = {isa = PBXFileReference; explicitFileType = wrapper.framework; includeInIndex = 0; path = Pods_RSS.framework; sourceTree = BUILT_PRODUCTS_DIR; };
		6708969D1ECA19EC00033BEC /* Article.swift */ = {isa = PBXFileReference; fileEncoding = 4; lastKnownFileType = sourcecode.swift; path = Article.swift; sourceTree = "<group>"; };
		6708969F1ECA214400033BEC /* FeedSource.swift */ = {isa = PBXFileReference; fileEncoding = 4; lastKnownFileType = sourcecode.swift; path = FeedSource.swift; sourceTree = "<group>"; };
		672ABD751EC8697B003EDCDD /* RSS.app */ = {isa = PBXFileReference; explicitFileType = wrapper.application; includeInIndex = 0; path = RSS.app; sourceTree = BUILT_PRODUCTS_DIR; };
		672ABD891EC8697B003EDCDD /* RSSTests.xctest */ = {isa = PBXFileReference; explicitFileType = wrapper.cfbundle; includeInIndex = 0; path = RSSTests.xctest; sourceTree = BUILT_PRODUCTS_DIR; };
		672ABD8D1EC8697B003EDCDD /* FeedParserTests.swift */ = {isa = PBXFileReference; lastKnownFileType = sourcecode.swift; path = FeedParserTests.swift; sourceTree = "<group>"; };
		672ABD8F1EC8697B003EDCDD /* Info.plist */ = {isa = PBXFileReference; lastKnownFileType = text.plist.xml; path = Info.plist; sourceTree = "<group>"; };
		672ABD941EC8697B003EDCDD /* RSSUITests.xctest */ = {isa = PBXFileReference; explicitFileType = wrapper.cfbundle; includeInIndex = 0; path = RSSUITests.xctest; sourceTree = BUILT_PRODUCTS_DIR; };
		672ABD981EC8697B003EDCDD /* RSSUITests.swift */ = {isa = PBXFileReference; lastKnownFileType = sourcecode.swift; path = RSSUITests.swift; sourceTree = "<group>"; };
		672ABD9A1EC8697B003EDCDD /* Info.plist */ = {isa = PBXFileReference; lastKnownFileType = text.plist.xml; path = Info.plist; sourceTree = "<group>"; };
		672ABDCA1EC86C90003EDCDD /* AppDelegate.swift */ = {isa = PBXFileReference; fileEncoding = 4; lastKnownFileType = sourcecode.swift; path = AppDelegate.swift; sourceTree = "<group>"; };
		672ABDCC1EC86C90003EDCDD /* BaseAssemblyCenter.swift */ = {isa = PBXFileReference; fileEncoding = 4; lastKnownFileType = sourcecode.swift; path = BaseAssemblyCenter.swift; sourceTree = "<group>"; };
		672ABDCD1EC86C90003EDCDD /* AssemblyCenter.swift */ = {isa = PBXFileReference; fileEncoding = 4; lastKnownFileType = sourcecode.swift; path = AssemblyCenter.swift; sourceTree = "<group>"; };
		672ABDFC1EC86C90003EDCDD /* NetworkDataKeys.swift */ = {isa = PBXFileReference; fileEncoding = 4; lastKnownFileType = sourcecode.swift; path = NetworkDataKeys.swift; sourceTree = "<group>"; };
		672ABE131EC86C90003EDCDD /* AppearanceAdjuster.swift */ = {isa = PBXFileReference; fileEncoding = 4; lastKnownFileType = sourcecode.swift; path = AppearanceAdjuster.swift; sourceTree = "<group>"; };
		672ABE151EC86C90003EDCDD /* ServicesAssembly.swift */ = {isa = PBXFileReference; fileEncoding = 4; lastKnownFileType = sourcecode.swift; path = ServicesAssembly.swift; sourceTree = "<group>"; };
		672ABE2A1EC86C90003EDCDD /* BaseViewController.swift */ = {isa = PBXFileReference; fileEncoding = 4; lastKnownFileType = sourcecode.swift; path = BaseViewController.swift; sourceTree = "<group>"; };
		672ABE2C1EC86C90003EDCDD /* ErrorExtension.swift */ = {isa = PBXFileReference; fileEncoding = 4; lastKnownFileType = sourcecode.swift; path = ErrorExtension.swift; sourceTree = "<group>"; };
		672ABE2D1EC86C90003EDCDD /* UnwrapExtension.swift */ = {isa = PBXFileReference; fileEncoding = 4; lastKnownFileType = sourcecode.swift; path = UnwrapExtension.swift; sourceTree = "<group>"; };
		672ABE2E1EC86C90003EDCDD /* StringExtension.swift */ = {isa = PBXFileReference; fileEncoding = 4; lastKnownFileType = sourcecode.swift; path = StringExtension.swift; sourceTree = "<group>"; };
		672ABE311EC86C90003EDCDD /* UIView+InstantiateFromNib.swift */ = {isa = PBXFileReference; fileEncoding = 4; lastKnownFileType = sourcecode.swift; path = "UIView+InstantiateFromNib.swift"; sourceTree = "<group>"; };
		672ABE321EC86C90003EDCDD /* UIViewController+SBStoryboard.swift */ = {isa = PBXFileReference; fileEncoding = 4; lastKnownFileType = sourcecode.swift; path = "UIViewController+SBStoryboard.swift"; sourceTree = "<group>"; };
		672ABE381EC86C90003EDCDD /* RxUnwrap.swift */ = {isa = PBXFileReference; fileEncoding = 4; lastKnownFileType = sourcecode.swift; path = RxUnwrap.swift; sourceTree = "<group>"; };
		672ABE3A1EC86C90003EDCDD /* UIColor+Colors.swift */ = {isa = PBXFileReference; fileEncoding = 4; lastKnownFileType = sourcecode.swift; path = "UIColor+Colors.swift"; sourceTree = "<group>"; };
		672ABE3E1EC86C90003EDCDD /* UIViewController+HUD.swift */ = {isa = PBXFileReference; fileEncoding = 4; lastKnownFileType = sourcecode.swift; path = "UIViewController+HUD.swift"; sourceTree = "<group>"; };
		672ABE411EC86C91003EDCDD /* Assets.xcassets */ = {isa = PBXFileReference; lastKnownFileType = folder.assetcatalog; path = Assets.xcassets; sourceTree = "<group>"; };
		672ABE421EC86C91003EDCDD /* Info.plist */ = {isa = PBXFileReference; fileEncoding = 4; lastKnownFileType = text.plist.xml; path = Info.plist; sourceTree = "<group>"; };
		672ABE451EC86C91003EDCDD /* Base */ = {isa = PBXFileReference; lastKnownFileType = text.plist.strings; name = Base; path = Base.lproj/Localizable.strings; sourceTree = "<group>"; };
		6762A3E91ECA4AC700E1C3E4 /* ItemDataXMLGenerator.swift */ = {isa = PBXFileReference; fileEncoding = 4; lastKnownFileType = sourcecode.swift; path = ItemDataXMLGenerator.swift; sourceTree = "<group>"; };
		6762A3EB1ECA4C9600E1C3E4 /* RxElementMap.swift */ = {isa = PBXFileReference; fileEncoding = 4; lastKnownFileType = sourcecode.swift; path = RxElementMap.swift; sourceTree = "<group>"; };
		677E280C1EC897960051F94C /* RequestProcessor.swift */ = {isa = PBXFileReference; fileEncoding = 4; lastKnownFileType = sourcecode.swift; path = RequestProcessor.swift; sourceTree = "<group>"; };
		677E280F1EC89E600051F94C /* NetworkAssembly.swift */ = {isa = PBXFileReference; fileEncoding = 4; lastKnownFileType = sourcecode.swift; path = NetworkAssembly.swift; sourceTree = "<group>"; };
		677E28111EC89ED80051F94C /* BaseAssembly.swift */ = {isa = PBXFileReference; fileEncoding = 4; lastKnownFileType = sourcecode.swift; path = BaseAssembly.swift; sourceTree = "<group>"; };
		677E28131EC89F200051F94C /* LaunchScreen.storyboard */ = {isa = PBXFileReference; fileEncoding = 4; lastKnownFileType = file.storyboard; path = LaunchScreen.storyboard; sourceTree = "<group>"; };
		677E281B1EC8A1410051F94C /* Storyboard.swift */ = {isa = PBXFileReference; fileEncoding = 4; lastKnownFileType = sourcecode.swift; path = Storyboard.swift; sourceTree = "<group>"; };
		A5B2CCB27C5188A9244E7995 /* Pods-RSS.debug.xcconfig */ = {isa = PBXFileReference; includeInIndex = 1; lastKnownFileType = text.xcconfig; name = "Pods-RSS.debug.xcconfig"; path = "Pods/Target Support Files/Pods-RSS/Pods-RSS.debug.xcconfig"; sourceTree = "<group>"; };
		B248E9F7F50B3323B90F87E5 /* FeedViewModel.swift */ = {isa = PBXFileReference; includeInIndex = 1; lastKnownFileType = sourcecode.swift; path = FeedViewModel.swift; sourceTree = "<group>"; };
		CCCFB81B003C27B5EA13238E /* FeedAccessor.swift */ = {isa = PBXFileReference; includeInIndex = 1; lastKnownFileType = sourcecode.swift; path = FeedAccessor.swift; sourceTree = "<group>"; };
		D3542EB36FD0F8916CA38E65 /* Pods_RSS_RSSTests.framework */ = {isa = PBXFileReference; explicitFileType = wrapper.framework; includeInIndex = 0; path = Pods_RSS_RSSTests.framework; sourceTree = BUILT_PRODUCTS_DIR; };
		D670991510DEFFB3FCD01ABD /* Pods-RSS-RSSTests.debug.xcconfig */ = {isa = PBXFileReference; includeInIndex = 1; lastKnownFileType = text.xcconfig; name = "Pods-RSS-RSSTests.debug.xcconfig"; path = "Pods/Target Support Files/Pods-RSS-RSSTests/Pods-RSS-RSSTests.debug.xcconfig"; sourceTree = "<group>"; };
		E586C0103E3D7DC47B8B8E26 /* FeedRequestPreparer.swift */ = {isa = PBXFileReference; includeInIndex = 1; lastKnownFileType = sourcecode.swift; path = FeedRequestPreparer.swift; sourceTree = "<group>"; };
		EB526AE6BFD3ED211BCAE08A /* Pods-RSS.release.xcconfig */ = {isa = PBXFileReference; includeInIndex = 1; lastKnownFileType = text.xcconfig; name = "Pods-RSS.release.xcconfig"; path = "Pods/Target Support Files/Pods-RSS/Pods-RSS.release.xcconfig"; sourceTree = "<group>"; };
/* End PBXFileReference section */

/* Begin PBXFrameworksBuildPhase section */
		672ABD721EC8697A003EDCDD /* Frameworks */ = {
			isa = PBXFrameworksBuildPhase;
			buildActionMask = 2147483647;
			files = (
				F41C104521F9CD9E3836A923 /* Pods_RSS.framework in Frameworks */,
			);
			runOnlyForDeploymentPostprocessing = 0;
		};
		672ABD861EC8697B003EDCDD /* Frameworks */ = {
			isa = PBXFrameworksBuildPhase;
			buildActionMask = 2147483647;
			files = (
				949ECE4441B2C931A30934CA /* Pods_RSS_RSSTests.framework in Frameworks */,
			);
			runOnlyForDeploymentPostprocessing = 0;
		};
		672ABD911EC8697B003EDCDD /* Frameworks */ = {
			isa = PBXFrameworksBuildPhase;
			buildActionMask = 2147483647;
			files = (
			);
			runOnlyForDeploymentPostprocessing = 0;
		};
/* End PBXFrameworksBuildPhase section */

/* Begin PBXGroup section */
		1BC5B404F0E9CF3BFC83D691 /* Feed screen */ = {
			isa = PBXGroup;
			children = (
				7CB960929B343935F1204218 /* View controller */,
				308FD9BD9D2B217540A75EE2 /* View model */,
			);
			path = "Feed screen";
			sourceTree = "<group>";
		};
		308FD9BD9D2B217540A75EE2 /* View model */ = {
			isa = PBXGroup;
			children = (
				B248E9F7F50B3323B90F87E5 /* FeedViewModel.swift */,
			);
			path = "View model";
			sourceTree = "<group>";
		};
		3D9B06085CE01C60C81A280D /* Request preparer */ = {
			isa = PBXGroup;
			children = (
				E586C0103E3D7DC47B8B8E26 /* FeedRequestPreparer.swift */,
			);
			path = "Request preparer";
			sourceTree = "<group>";
		};
		40569ABA52CAD3E960BF2664 /* Parser */ = {
			isa = PBXGroup;
			children = (
				32F554ADB05280621F6CDE60 /* FeedParser.swift */,
			);
			path = Parser;
			sourceTree = "<group>";
		};
		648BB493946AA83FF6E57E20 /* Storyboard */ = {
			isa = PBXGroup;
			children = (
				2774F089C38535B47C03062F /* StoryboardFeed.swift */,
				30F1C81E31F83F17DBAA5373 /* Feed.storyboard */,
			);
			path = Storyboard;
			sourceTree = "<group>";
		};
		672ABD6C1EC8697A003EDCDD = {
			isa = PBXGroup;
			children = (
				672ABD771EC8697B003EDCDD /* RSS */,
				672ABD8C1EC8697B003EDCDD /* RSSTests */,
				672ABD971EC8697B003EDCDD /* RSSUITests */,
				672ABD761EC8697B003EDCDD /* Products */,
				F2677730DFC653588A3AC5C6 /* Pods */,
				92142F53B6F9BE07E1E1C9B8 /* Frameworks */,
			);
			sourceTree = "<group>";
		};
		672ABD761EC8697B003EDCDD /* Products */ = {
			isa = PBXGroup;
			children = (
				672ABD751EC8697B003EDCDD /* RSS.app */,
				672ABD891EC8697B003EDCDD /* RSSTests.xctest */,
				672ABD941EC8697B003EDCDD /* RSSUITests.xctest */,
			);
			name = Products;
			sourceTree = "<group>";
		};
		672ABD771EC8697B003EDCDD /* RSS */ = {
			isa = PBXGroup;
			children = (
				672ABDA61EC86C90003EDCDD /* Project parts */,
				672ABE3F1EC86C90003EDCDD /* Resources */,
			);
			path = RSS;
			sourceTree = "<group>";
		};
		672ABD8C1EC8697B003EDCDD /* RSSTests */ = {
			isa = PBXGroup;
			children = (
				672ABD8D1EC8697B003EDCDD /* FeedParserTests.swift */,
				672ABD8F1EC8697B003EDCDD /* Info.plist */,
				6762A3E91ECA4AC700E1C3E4 /* ItemDataXMLGenerator.swift */,
			);
			path = RSSTests;
			sourceTree = "<group>";
		};
		672ABD971EC8697B003EDCDD /* RSSUITests */ = {
			isa = PBXGroup;
			children = (
				672ABD981EC8697B003EDCDD /* RSSUITests.swift */,
				672ABD9A1EC8697B003EDCDD /* Info.plist */,
			);
			path = RSSUITests;
			sourceTree = "<group>";
		};
		672ABDA61EC86C90003EDCDD /* Project parts */ = {
			isa = PBXGroup;
			children = (
				672ABDC81EC86C90003EDCDD /* App */,
				E2F2BD22819E3D6A639CC7F6 /* Feed */,
				672ABDE51EC86C90003EDCDD /* Models */,
				672ABDF61EC86C90003EDCDD /* Network */,
				672ABE111EC86C90003EDCDD /* Services */,
				672ABE281EC86C90003EDCDD /* Utils */,
			);
			path = "Project parts";
			sourceTree = "<group>";
		};
		672ABDC81EC86C90003EDCDD /* App */ = {
			isa = PBXGroup;
			children = (
				672ABDC91EC86C90003EDCDD /* AppDelegate */,
				672ABDCB1EC86C90003EDCDD /* Assembly */,
				677E281A1EC8A1410051F94C /* Storyboard */,
			);
			path = App;
			sourceTree = "<group>";
		};
		672ABDC91EC86C90003EDCDD /* AppDelegate */ = {
			isa = PBXGroup;
			children = (
				672ABDCA1EC86C90003EDCDD /* AppDelegate.swift */,
			);
			path = AppDelegate;
			sourceTree = "<group>";
		};
		672ABDCB1EC86C90003EDCDD /* Assembly */ = {
			isa = PBXGroup;
			children = (
				672ABDCC1EC86C90003EDCDD /* BaseAssemblyCenter.swift */,
				672ABDCD1EC86C90003EDCDD /* AssemblyCenter.swift */,
				677E28111EC89ED80051F94C /* BaseAssembly.swift */,
			);
			path = Assembly;
			sourceTree = "<group>";
		};
		672ABDE51EC86C90003EDCDD /* Models */ = {
			isa = PBXGroup;
			children = (
				6708969D1ECA19EC00033BEC /* Article.swift */,
				6708969F1ECA214400033BEC /* FeedSource.swift */,
			);
			path = Models;
			sourceTree = "<group>";
		};
		672ABDF61EC86C90003EDCDD /* Network */ = {
			isa = PBXGroup;
			children = (
				677E280E1EC89E600051F94C /* Assembly */,
				672ABDFB1EC86C90003EDCDD /* DataKeys */,
				677E280B1EC897960051F94C /* Request processor */,
			);
			path = Network;
			sourceTree = "<group>";
		};
		672ABDFB1EC86C90003EDCDD /* DataKeys */ = {
			isa = PBXGroup;
			children = (
				672ABDFC1EC86C90003EDCDD /* NetworkDataKeys.swift */,
			);
			path = DataKeys;
			sourceTree = "<group>";
		};
		672ABE111EC86C90003EDCDD /* Services */ = {
			isa = PBXGroup;
			children = (
				672ABE121EC86C90003EDCDD /* Appearance */,
				672ABE141EC86C90003EDCDD /* Assembly */,
			);
			path = Services;
			sourceTree = "<group>";
		};
		672ABE121EC86C90003EDCDD /* Appearance */ = {
			isa = PBXGroup;
			children = (
				672ABE131EC86C90003EDCDD /* AppearanceAdjuster.swift */,
			);
			path = Appearance;
			sourceTree = "<group>";
		};
		672ABE141EC86C90003EDCDD /* Assembly */ = {
			isa = PBXGroup;
			children = (
				672ABE151EC86C90003EDCDD /* ServicesAssembly.swift */,
			);
			path = Assembly;
			sourceTree = "<group>";
		};
		672ABE281EC86C90003EDCDD /* Utils */ = {
			isa = PBXGroup;
			children = (
				672ABE291EC86C90003EDCDD /* Common */,
				672ABE331EC86C90003EDCDD /* RxExtensions */,
				672ABE391EC86C90003EDCDD /* UIExtensions */,
			);
			path = Utils;
			sourceTree = "<group>";
		};
		672ABE291EC86C90003EDCDD /* Common */ = {
			isa = PBXGroup;
			children = (
				672ABE2A1EC86C90003EDCDD /* BaseViewController.swift */,
				672ABE2C1EC86C90003EDCDD /* ErrorExtension.swift */,
				672ABE2D1EC86C90003EDCDD /* UnwrapExtension.swift */,
				672ABE2E1EC86C90003EDCDD /* StringExtension.swift */,
				672ABE311EC86C90003EDCDD /* UIView+InstantiateFromNib.swift */,
				672ABE321EC86C90003EDCDD /* UIViewController+SBStoryboard.swift */,
			);
			path = Common;
			sourceTree = "<group>";
		};
		672ABE331EC86C90003EDCDD /* RxExtensions */ = {
			isa = PBXGroup;
			children = (
				6762A3EB1ECA4C9600E1C3E4 /* RxElementMap.swift */,
				672ABE381EC86C90003EDCDD /* RxUnwrap.swift */,
			);
			path = RxExtensions;
			sourceTree = "<group>";
		};
		672ABE391EC86C90003EDCDD /* UIExtensions */ = {
			isa = PBXGroup;
			children = (
				672ABE3A1EC86C90003EDCDD /* UIColor+Colors.swift */,
				672ABE3E1EC86C90003EDCDD /* UIViewController+HUD.swift */,
			);
			path = UIExtensions;
			sourceTree = "<group>";
		};
		672ABE3F1EC86C90003EDCDD /* Resources */ = {
			isa = PBXGroup;
			children = (
				672ABE401EC86C90003EDCDD /* Images */,
				672ABE431EC86C91003EDCDD /* Localization */,
				672ABE421EC86C91003EDCDD /* Info.plist */,
				677E28131EC89F200051F94C /* LaunchScreen.storyboard */,
			);
			path = Resources;
			sourceTree = "<group>";
		};
		672ABE401EC86C90003EDCDD /* Images */ = {
			isa = PBXGroup;
			children = (
				672ABE411EC86C91003EDCDD /* Assets.xcassets */,
			);
			path = Images;
			sourceTree = "<group>";
		};
		672ABE431EC86C91003EDCDD /* Localization */ = {
			isa = PBXGroup;
			children = (
				672ABE441EC86C91003EDCDD /* Localizable.strings */,
			);
			path = Localization;
			sourceTree = "<group>";
		};
		677E280B1EC897960051F94C /* Request processor */ = {
			isa = PBXGroup;
			children = (
				677E280C1EC897960051F94C /* RequestProcessor.swift */,
			);
			path = "Request processor";
			sourceTree = "<group>";
		};
		677E280E1EC89E600051F94C /* Assembly */ = {
			isa = PBXGroup;
			children = (
				677E280F1EC89E600051F94C /* NetworkAssembly.swift */,
			);
			path = Assembly;
			sourceTree = "<group>";
		};
		677E281A1EC8A1410051F94C /* Storyboard */ = {
			isa = PBXGroup;
			children = (
				677E281B1EC8A1410051F94C /* Storyboard.swift */,
			);
			path = Storyboard;
			sourceTree = "<group>";
		};
		7CB960929B343935F1204218 /* View controller */ = {
			isa = PBXGroup;
			children = (
				4F6190371966ECBEF304A3D9 /* FeedViewController.swift */,
			);
			path = "View controller";
			sourceTree = "<group>";
		};
		92142F53B6F9BE07E1E1C9B8 /* Frameworks */ = {
			isa = PBXGroup;
			children = (
				535C0134BE76CE5B08C79A07 /* Pods_RSS.framework */,
				D3542EB36FD0F8916CA38E65 /* Pods_RSS_RSSTests.framework */,
			);
			name = Frameworks;
			sourceTree = "<group>";
		};
		B8F2C3ABB064B70942B06F16 /* Assembly */ = {
			isa = PBXGroup;
			children = (
				0A305F8C58D6FB7A1E7852AB /* FeedAssembly.swift */,
			);
			path = Assembly;
			sourceTree = "<group>";
		};
		E2F2BD22819E3D6A639CC7F6 /* Feed */ = {
			isa = PBXGroup;
			children = (
				EC65E270E15436F9488823EE /* Accessor */,
				B8F2C3ABB064B70942B06F16 /* Assembly */,
				1BC5B404F0E9CF3BFC83D691 /* Feed screen */,
				40569ABA52CAD3E960BF2664 /* Parser */,
				3D9B06085CE01C60C81A280D /* Request preparer */,
				648BB493946AA83FF6E57E20 /* Storyboard */,
			);
			path = Feed;
			sourceTree = "<group>";
		};
		EC65E270E15436F9488823EE /* Accessor */ = {
			isa = PBXGroup;
			children = (
				CCCFB81B003C27B5EA13238E /* FeedAccessor.swift */,
			);
			path = Accessor;
			sourceTree = "<group>";
		};
		F2677730DFC653588A3AC5C6 /* Pods */ = {
			isa = PBXGroup;
			children = (
				A5B2CCB27C5188A9244E7995 /* Pods-RSS.debug.xcconfig */,
				EB526AE6BFD3ED211BCAE08A /* Pods-RSS.release.xcconfig */,
				D670991510DEFFB3FCD01ABD /* Pods-RSS-RSSTests.debug.xcconfig */,
				1857ACCDD752D6FC01DB0078 /* Pods-RSS-RSSTests.release.xcconfig */,
			);
			name = Pods;
			sourceTree = "<group>";
		};
/* End PBXGroup section */

/* Begin PBXNativeTarget section */
		672ABD741EC8697A003EDCDD /* RSS */ = {
			isa = PBXNativeTarget;
			buildConfigurationList = 672ABD9D1EC8697B003EDCDD /* Build configuration list for PBXNativeTarget "RSS" */;
			buildPhases = (
				4F9EBB41F710B91AF2FC3562 /* [CP] Check Pods Manifest.lock */,
				672ABD711EC8697A003EDCDD /* Sources */,
				672ABD721EC8697A003EDCDD /* Frameworks */,
				672ABD731EC8697A003EDCDD /* Resources */,
				DFA0A2D3815E796E31B1C074 /* [CP] Embed Pods Frameworks */,
				0A0F96D31BBF7D444BD68604 /* [CP] Copy Pods Resources */,
				677E28151EC89FA30051F94C /* SwiftLint */,
				677E28161EC89FBC0051F94C /* Set build number */,
			);
			buildRules = (
			);
			dependencies = (
			);
			name = RSS;
			productName = RSS;
			productReference = 672ABD751EC8697B003EDCDD /* RSS.app */;
			productType = "com.apple.product-type.application";
		};
		672ABD881EC8697B003EDCDD /* RSSTests */ = {
			isa = PBXNativeTarget;
			buildConfigurationList = 672ABDA01EC8697B003EDCDD /* Build configuration list for PBXNativeTarget "RSSTests" */;
			buildPhases = (
				24F5D4AC4E09175D74721DAA /* [CP] Check Pods Manifest.lock */,
				672ABD851EC8697B003EDCDD /* Sources */,
				672ABD861EC8697B003EDCDD /* Frameworks */,
				672ABD871EC8697B003EDCDD /* Resources */,
				3D2EFB616697C0CDFDC21B09 /* [CP] Embed Pods Frameworks */,
				9F7D0446F0227F92020795CF /* [CP] Copy Pods Resources */,
			);
			buildRules = (
			);
			dependencies = (
				672ABD8B1EC8697B003EDCDD /* PBXTargetDependency */,
			);
			name = RSSTests;
			productName = RSSTests;
			productReference = 672ABD891EC8697B003EDCDD /* RSSTests.xctest */;
			productType = "com.apple.product-type.bundle.unit-test";
		};
		672ABD931EC8697B003EDCDD /* RSSUITests */ = {
			isa = PBXNativeTarget;
			buildConfigurationList = 672ABDA31EC8697B003EDCDD /* Build configuration list for PBXNativeTarget "RSSUITests" */;
			buildPhases = (
				672ABD901EC8697B003EDCDD /* Sources */,
				672ABD911EC8697B003EDCDD /* Frameworks */,
				672ABD921EC8697B003EDCDD /* Resources */,
			);
			buildRules = (
			);
			dependencies = (
				672ABD961EC8697B003EDCDD /* PBXTargetDependency */,
			);
			name = RSSUITests;
			productName = RSSUITests;
			productReference = 672ABD941EC8697B003EDCDD /* RSSUITests.xctest */;
			productType = "com.apple.product-type.bundle.ui-testing";
		};
/* End PBXNativeTarget section */

/* Begin PBXProject section */
		672ABD6D1EC8697A003EDCDD /* Project object */ = {
			isa = PBXProject;
			attributes = {
				LastSwiftUpdateCheck = 0820;
				LastUpgradeCheck = 0820;
				ORGANIZATIONNAME = HOKMT;
				TargetAttributes = {
					672ABD741EC8697A003EDCDD = {
						CreatedOnToolsVersion = 8.2.1;
						DevelopmentTeam = HJQH8ETNCF;
						ProvisioningStyle = Automatic;
					};
					672ABD881EC8697B003EDCDD = {
						CreatedOnToolsVersion = 8.2.1;
						DevelopmentTeam = HJQH8ETNCF;
						ProvisioningStyle = Automatic;
						TestTargetID = 672ABD741EC8697A003EDCDD;
					};
					672ABD931EC8697B003EDCDD = {
						CreatedOnToolsVersion = 8.2.1;
						DevelopmentTeam = HJQH8ETNCF;
						ProvisioningStyle = Automatic;
						TestTargetID = 672ABD741EC8697A003EDCDD;
					};
				};
			};
			buildConfigurationList = 672ABD701EC8697A003EDCDD /* Build configuration list for PBXProject "RSS" */;
			compatibilityVersion = "Xcode 3.2";
			developmentRegion = English;
			hasScannedForEncodings = 0;
			knownRegions = (
				en,
				Base,
			);
			mainGroup = 672ABD6C1EC8697A003EDCDD;
			productRefGroup = 672ABD761EC8697B003EDCDD /* Products */;
			projectDirPath = "";
			projectRoot = "";
			targets = (
				672ABD741EC8697A003EDCDD /* RSS */,
				672ABD881EC8697B003EDCDD /* RSSTests */,
				672ABD931EC8697B003EDCDD /* RSSUITests */,
			);
		};
/* End PBXProject section */

/* Begin PBXResourcesBuildPhase section */
		672ABD731EC8697A003EDCDD /* Resources */ = {
			isa = PBXResourcesBuildPhase;
			buildActionMask = 2147483647;
			files = (
				677E28141EC89F200051F94C /* LaunchScreen.storyboard in Resources */,
				672ABE9B1EC86C91003EDCDD /* Localizable.strings in Resources */,
				672ABE991EC86C91003EDCDD /* Assets.xcassets in Resources */,
				835E40C1B8361E2B424A3F1F /* Feed.storyboard in Resources */,
			);
			runOnlyForDeploymentPostprocessing = 0;
		};
		672ABD871EC8697B003EDCDD /* Resources */ = {
			isa = PBXResourcesBuildPhase;
			buildActionMask = 2147483647;
			files = (
			);
			runOnlyForDeploymentPostprocessing = 0;
		};
		672ABD921EC8697B003EDCDD /* Resources */ = {
			isa = PBXResourcesBuildPhase;
			buildActionMask = 2147483647;
			files = (
			);
			runOnlyForDeploymentPostprocessing = 0;
		};
/* End PBXResourcesBuildPhase section */

/* Begin PBXShellScriptBuildPhase section */
		0A0F96D31BBF7D444BD68604 /* [CP] Copy Pods Resources */ = {
			isa = PBXShellScriptBuildPhase;
			buildActionMask = 2147483647;
			files = (
			);
			inputPaths = (
			);
			name = "[CP] Copy Pods Resources";
			outputPaths = (
			);
			runOnlyForDeploymentPostprocessing = 0;
			shellPath = /bin/sh;
			shellScript = "\"${SRCROOT}/Pods/Target Support Files/Pods-RSS/Pods-RSS-resources.sh\"\n";
			showEnvVarsInLog = 0;
		};
		24F5D4AC4E09175D74721DAA /* [CP] Check Pods Manifest.lock */ = {
			isa = PBXShellScriptBuildPhase;
			buildActionMask = 2147483647;
			files = (
			);
			inputPaths = (
			);
			name = "[CP] Check Pods Manifest.lock";
			outputPaths = (
			);
			runOnlyForDeploymentPostprocessing = 0;
			shellPath = /bin/sh;
			shellScript = "diff \"${PODS_ROOT}/../Podfile.lock\" \"${PODS_ROOT}/Manifest.lock\" > /dev/null\nif [ $? != 0 ] ; then\n    # print error to STDERR\n    echo \"error: The sandbox is not in sync with the Podfile.lock. Run 'pod install' or update your CocoaPods installation.\" >&2\n    exit 1\nfi\n";
			showEnvVarsInLog = 0;
		};
		3D2EFB616697C0CDFDC21B09 /* [CP] Embed Pods Frameworks */ = {
			isa = PBXShellScriptBuildPhase;
			buildActionMask = 2147483647;
			files = (
			);
			inputPaths = (
			);
			name = "[CP] Embed Pods Frameworks";
			outputPaths = (
			);
			runOnlyForDeploymentPostprocessing = 0;
			shellPath = /bin/sh;
			shellScript = "\"${SRCROOT}/Pods/Target Support Files/Pods-RSS-RSSTests/Pods-RSS-RSSTests-frameworks.sh\"\n";
			showEnvVarsInLog = 0;
		};
		4F9EBB41F710B91AF2FC3562 /* [CP] Check Pods Manifest.lock */ = {
			isa = PBXShellScriptBuildPhase;
			buildActionMask = 2147483647;
			files = (
			);
			inputPaths = (
			);
			name = "[CP] Check Pods Manifest.lock";
			outputPaths = (
			);
			runOnlyForDeploymentPostprocessing = 0;
			shellPath = /bin/sh;
			shellScript = "diff \"${PODS_ROOT}/../Podfile.lock\" \"${PODS_ROOT}/Manifest.lock\" > /dev/null\nif [ $? != 0 ] ; then\n    # print error to STDERR\n    echo \"error: The sandbox is not in sync with the Podfile.lock. Run 'pod install' or update your CocoaPods installation.\" >&2\n    exit 1\nfi\n";
			showEnvVarsInLog = 0;
		};
		677E28151EC89FA30051F94C /* SwiftLint */ = {
			isa = PBXShellScriptBuildPhase;
			buildActionMask = 2147483647;
			files = (
			);
			inputPaths = (
			);
			name = SwiftLint;
			outputPaths = (
			);
			runOnlyForDeploymentPostprocessing = 0;
			shellPath = /bin/sh;
			shellScript = "if which swiftlint >/dev/null; then\nswiftlint\nelse\necho \"warning: SwiftLint not installed, download from https://github.com/realm/SwiftLint\"\nfi";
		};
		677E28161EC89FBC0051F94C /* Set build number */ = {
			isa = PBXShellScriptBuildPhase;
			buildActionMask = 2147483647;
			files = (
			);
			inputPaths = (
			);
			name = "Set build number";
			outputPaths = (
			);
			runOnlyForDeploymentPostprocessing = 0;
			shellPath = /bin/sh;
			shellScript = "git=$(sh /etc/profile; which git)\nnumber_of_commits=$(\"$git\" rev-list HEAD --count)\ngit_release_version=$(\"$git\" describe --tags --always --abbrev=0)\n\ntarget_plist=\"$TARGET_BUILD_DIR/$INFOPLIST_PATH\"\ndsym_plist=\"$DWARF_DSYM_FOLDER_PATH/$DWARF_DSYM_FILE_NAME/Contents/Info.plist\"\n\nfor plist in \"$target_plist\" \"$dsym_plist\"; do\nif [ -f \"$plist\" ]; then\n/usr/libexec/PlistBuddy -c \"Set :CFBundleVersion $number_of_commits\" \"$plist\"\nfi\ndone";
		};
		9F7D0446F0227F92020795CF /* [CP] Copy Pods Resources */ = {
			isa = PBXShellScriptBuildPhase;
			buildActionMask = 2147483647;
			files = (
			);
			inputPaths = (
			);
			name = "[CP] Copy Pods Resources";
			outputPaths = (
			);
			runOnlyForDeploymentPostprocessing = 0;
			shellPath = /bin/sh;
			shellScript = "\"${SRCROOT}/Pods/Target Support Files/Pods-RSS-RSSTests/Pods-RSS-RSSTests-resources.sh\"\n";
			showEnvVarsInLog = 0;
		};
		DFA0A2D3815E796E31B1C074 /* [CP] Embed Pods Frameworks */ = {
			isa = PBXShellScriptBuildPhase;
			buildActionMask = 2147483647;
			files = (
			);
			inputPaths = (
			);
			name = "[CP] Embed Pods Frameworks";
			outputPaths = (
			);
			runOnlyForDeploymentPostprocessing = 0;
			shellPath = /bin/sh;
			shellScript = "\"${SRCROOT}/Pods/Target Support Files/Pods-RSS/Pods-RSS-frameworks.sh\"\n";
			showEnvVarsInLog = 0;
		};
/* End PBXShellScriptBuildPhase section */

/* Begin PBXSourcesBuildPhase section */
		672ABD711EC8697A003EDCDD /* Sources */ = {
			isa = PBXSourcesBuildPhase;
			buildActionMask = 2147483647;
			files = (
				672ABE591EC86C91003EDCDD /* AssemblyCenter.swift in Sources */,
				672ABE7D1EC86C91003EDCDD /* ServicesAssembly.swift in Sources */,
				6708969E1ECA19EC00033BEC /* Article.swift in Sources */,
				672ABE931EC86C91003EDCDD /* RxUnwrap.swift in Sources */,
				677E281C1EC8A1410051F94C /* Storyboard.swift in Sources */,
				672ABE7C1EC86C91003EDCDD /* AppearanceAdjuster.swift in Sources */,
				672ABE571EC86C91003EDCDD /* AppDelegate.swift in Sources */,
				672ABE8A1EC86C91003EDCDD /* StringExtension.swift in Sources */,
				672ABE8D1EC86C91003EDCDD /* UIView+InstantiateFromNib.swift in Sources */,
				672ABE581EC86C91003EDCDD /* BaseAssemblyCenter.swift in Sources */,
				672ABE881EC86C91003EDCDD /* ErrorExtension.swift in Sources */,
				672ABE721EC86C91003EDCDD /* NetworkDataKeys.swift in Sources */,
				670896A01ECA214400033BEC /* FeedSource.swift in Sources */,
				672ABE891EC86C91003EDCDD /* UnwrapExtension.swift in Sources */,
				677E28101EC89E600051F94C /* NetworkAssembly.swift in Sources */,
				672ABE8E1EC86C91003EDCDD /* UIViewController+SBStoryboard.swift in Sources */,
				672ABE941EC86C91003EDCDD /* UIColor+Colors.swift in Sources */,
				672ABE981EC86C91003EDCDD /* UIViewController+HUD.swift in Sources */,
				672ABE861EC86C91003EDCDD /* BaseViewController.swift in Sources */,
				677E28121EC89ED80051F94C /* BaseAssembly.swift in Sources */,
				677E280D1EC897960051F94C /* RequestProcessor.swift in Sources */,
				781CD22AEB898A75A3A9E1E5 /* FeedAccessor.swift in Sources */,
				5E31688164DE49844E850A06 /* FeedAssembly.swift in Sources */,
				4D0267D44A7BBAF21A45EF19 /* FeedParser.swift in Sources */,
				161C448864AE3772BE4FF9BC /* FeedRequestPreparer.swift in Sources */,
				0C18A28A2975324357DAF007 /* FeedViewController.swift in Sources */,
				BFF898178EAB1B8C8E592A80 /* FeedViewModel.swift in Sources */,
				6762A3EC1ECA4C9600E1C3E4 /* RxElementMap.swift in Sources */,
				0706C482C16F037FD50F451E /* StoryboardFeed.swift in Sources */,
			);
			runOnlyForDeploymentPostprocessing = 0;
		};
		672ABD851EC8697B003EDCDD /* Sources */ = {
			isa = PBXSourcesBuildPhase;
			buildActionMask = 2147483647;
			files = (
				6762A3EA1ECA4AC700E1C3E4 /* ItemDataXMLGenerator.swift in Sources */,
				672ABD8E1EC8697B003EDCDD /* FeedParserTests.swift in Sources */,
			);
			runOnlyForDeploymentPostprocessing = 0;
		};
		672ABD901EC8697B003EDCDD /* Sources */ = {
			isa = PBXSourcesBuildPhase;
			buildActionMask = 2147483647;
			files = (
				672ABD991EC8697B003EDCDD /* RSSUITests.swift in Sources */,
			);
			runOnlyForDeploymentPostprocessing = 0;
		};
/* End PBXSourcesBuildPhase section */

/* Begin PBXTargetDependency section */
		672ABD8B1EC8697B003EDCDD /* PBXTargetDependency */ = {
			isa = PBXTargetDependency;
			target = 672ABD741EC8697A003EDCDD /* RSS */;
			targetProxy = 672ABD8A1EC8697B003EDCDD /* PBXContainerItemProxy */;
		};
		672ABD961EC8697B003EDCDD /* PBXTargetDependency */ = {
			isa = PBXTargetDependency;
			target = 672ABD741EC8697A003EDCDD /* RSS */;
			targetProxy = 672ABD951EC8697B003EDCDD /* PBXContainerItemProxy */;
		};
/* End PBXTargetDependency section */

/* Begin PBXVariantGroup section */
		672ABE441EC86C91003EDCDD /* Localizable.strings */ = {
			isa = PBXVariantGroup;
			children = (
				672ABE451EC86C91003EDCDD /* Base */,
			);
			name = Localizable.strings;
			sourceTree = "<group>";
		};
/* End PBXVariantGroup section */

/* Begin XCBuildConfiguration section */
		672ABD9B1EC8697B003EDCDD /* Debug */ = {
			isa = XCBuildConfiguration;
			buildSettings = {
				ALWAYS_SEARCH_USER_PATHS = NO;
				CLANG_ANALYZER_NONNULL = YES;
				CLANG_CXX_LANGUAGE_STANDARD = "gnu++0x";
				CLANG_CXX_LIBRARY = "libc++";
				CLANG_ENABLE_MODULES = YES;
				CLANG_ENABLE_OBJC_ARC = YES;
				CLANG_WARN_BOOL_CONVERSION = YES;
				CLANG_WARN_CONSTANT_CONVERSION = YES;
				CLANG_WARN_DIRECT_OBJC_ISA_USAGE = YES_ERROR;
				CLANG_WARN_DOCUMENTATION_COMMENTS = YES;
				CLANG_WARN_EMPTY_BODY = YES;
				CLANG_WARN_ENUM_CONVERSION = YES;
				CLANG_WARN_INFINITE_RECURSION = YES;
				CLANG_WARN_INT_CONVERSION = YES;
				CLANG_WARN_OBJC_ROOT_CLASS = YES_ERROR;
				CLANG_WARN_SUSPICIOUS_MOVE = YES;
				CLANG_WARN_UNREACHABLE_CODE = YES;
				CLANG_WARN__DUPLICATE_METHOD_MATCH = YES;
				"CODE_SIGN_IDENTITY[sdk=iphoneos*]" = "iPhone Developer";
				COPY_PHASE_STRIP = NO;
				DEBUG_INFORMATION_FORMAT = dwarf;
				ENABLE_STRICT_OBJC_MSGSEND = YES;
				ENABLE_TESTABILITY = YES;
				GCC_C_LANGUAGE_STANDARD = gnu99;
				GCC_DYNAMIC_NO_PIC = NO;
				GCC_NO_COMMON_BLOCKS = YES;
				GCC_OPTIMIZATION_LEVEL = 0;
				GCC_PREPROCESSOR_DEFINITIONS = (
					"DEBUG=1",
					"$(inherited)",
				);
				GCC_WARN_64_TO_32_BIT_CONVERSION = YES;
				GCC_WARN_ABOUT_RETURN_TYPE = YES_ERROR;
				GCC_WARN_UNDECLARED_SELECTOR = YES;
				GCC_WARN_UNINITIALIZED_AUTOS = YES_AGGRESSIVE;
				GCC_WARN_UNUSED_FUNCTION = YES;
				GCC_WARN_UNUSED_VARIABLE = YES;
				IPHONEOS_DEPLOYMENT_TARGET = 10.2;
				MTL_ENABLE_DEBUG_INFO = YES;
				ONLY_ACTIVE_ARCH = YES;
				SDKROOT = iphoneos;
				SWIFT_ACTIVE_COMPILATION_CONDITIONS = DEBUG;
				SWIFT_OPTIMIZATION_LEVEL = "-Onone";
				TARGETED_DEVICE_FAMILY = "1,2";
			};
			name = Debug;
		};
		672ABD9C1EC8697B003EDCDD /* Release */ = {
			isa = XCBuildConfiguration;
			buildSettings = {
				ALWAYS_SEARCH_USER_PATHS = NO;
				CLANG_ANALYZER_NONNULL = YES;
				CLANG_CXX_LANGUAGE_STANDARD = "gnu++0x";
				CLANG_CXX_LIBRARY = "libc++";
				CLANG_ENABLE_MODULES = YES;
				CLANG_ENABLE_OBJC_ARC = YES;
				CLANG_WARN_BOOL_CONVERSION = YES;
				CLANG_WARN_CONSTANT_CONVERSION = YES;
				CLANG_WARN_DIRECT_OBJC_ISA_USAGE = YES_ERROR;
				CLANG_WARN_DOCUMENTATION_COMMENTS = YES;
				CLANG_WARN_EMPTY_BODY = YES;
				CLANG_WARN_ENUM_CONVERSION = YES;
				CLANG_WARN_INFINITE_RECURSION = YES;
				CLANG_WARN_INT_CONVERSION = YES;
				CLANG_WARN_OBJC_ROOT_CLASS = YES_ERROR;
				CLANG_WARN_SUSPICIOUS_MOVE = YES;
				CLANG_WARN_UNREACHABLE_CODE = YES;
				CLANG_WARN__DUPLICATE_METHOD_MATCH = YES;
				"CODE_SIGN_IDENTITY[sdk=iphoneos*]" = "iPhone Developer";
				COPY_PHASE_STRIP = NO;
				DEBUG_INFORMATION_FORMAT = "dwarf-with-dsym";
				ENABLE_NS_ASSERTIONS = NO;
				ENABLE_STRICT_OBJC_MSGSEND = YES;
				GCC_C_LANGUAGE_STANDARD = gnu99;
				GCC_NO_COMMON_BLOCKS = YES;
				GCC_WARN_64_TO_32_BIT_CONVERSION = YES;
				GCC_WARN_ABOUT_RETURN_TYPE = YES_ERROR;
				GCC_WARN_UNDECLARED_SELECTOR = YES;
				GCC_WARN_UNINITIALIZED_AUTOS = YES_AGGRESSIVE;
				GCC_WARN_UNUSED_FUNCTION = YES;
				GCC_WARN_UNUSED_VARIABLE = YES;
				IPHONEOS_DEPLOYMENT_TARGET = 10.2;
				MTL_ENABLE_DEBUG_INFO = NO;
				SDKROOT = iphoneos;
				SWIFT_OPTIMIZATION_LEVEL = "-Owholemodule";
				TARGETED_DEVICE_FAMILY = "1,2";
				VALIDATE_PRODUCT = YES;
			};
			name = Release;
		};
		672ABD9E1EC8697B003EDCDD /* Debug */ = {
			isa = XCBuildConfiguration;
			baseConfigurationReference = A5B2CCB27C5188A9244E7995 /* Pods-RSS.debug.xcconfig */;
			buildSettings = {
				ASSETCATALOG_COMPILER_APPICON_NAME = AppIcon;
				DEVELOPMENT_TEAM = HJQH8ETNCF;
				INFOPLIST_FILE = "$(SRCROOT)/RSS/Resources/Info.plist";
				LD_RUNPATH_SEARCH_PATHS = "$(inherited) @executable_path/Frameworks";
				PRODUCT_BUNDLE_IDENTIFIER = ru.hokmt.RSS;
				PRODUCT_NAME = "$(TARGET_NAME)";
				SWIFT_VERSION = 3.0;
			};
			name = Debug;
		};
		672ABD9F1EC8697B003EDCDD /* Release */ = {
			isa = XCBuildConfiguration;
			baseConfigurationReference = EB526AE6BFD3ED211BCAE08A /* Pods-RSS.release.xcconfig */;
			buildSettings = {
				ASSETCATALOG_COMPILER_APPICON_NAME = AppIcon;
				DEVELOPMENT_TEAM = HJQH8ETNCF;
				INFOPLIST_FILE = "$(SRCROOT)/RSS/Resources/Info.plist";
				LD_RUNPATH_SEARCH_PATHS = "$(inherited) @executable_path/Frameworks";
				PRODUCT_BUNDLE_IDENTIFIER = ru.hokmt.RSS;
				PRODUCT_NAME = "$(TARGET_NAME)";
				SWIFT_VERSION = 3.0;
			};
			name = Release;
		};
		672ABDA11EC8697B003EDCDD /* Debug */ = {
			isa = XCBuildConfiguration;
			baseConfigurationReference = D670991510DEFFB3FCD01ABD /* Pods-RSS-RSSTests.debug.xcconfig */;
			buildSettings = {
				ALWAYS_EMBED_SWIFT_STANDARD_LIBRARIES = YES;
				BUNDLE_LOADER = "$(TEST_HOST)";
				DEVELOPMENT_TEAM = HJQH8ETNCF;
				INFOPLIST_FILE = RSSTests/Info.plist;
				LD_RUNPATH_SEARCH_PATHS = "$(inherited) @executable_path/Frameworks @loader_path/Frameworks";
				PRODUCT_BUNDLE_IDENTIFIER = ru.hokmt.RSSTests;
				PRODUCT_NAME = "$(TARGET_NAME)";
				SWIFT_VERSION = 3.0;
				TEST_HOST = "$(BUILT_PRODUCTS_DIR)/RSS.app/RSS";
			};
			name = Debug;
		};
		672ABDA21EC8697B003EDCDD /* Release */ = {
			isa = XCBuildConfiguration;
			baseConfigurationReference = 1857ACCDD752D6FC01DB0078 /* Pods-RSS-RSSTests.release.xcconfig */;
			buildSettings = {
				ALWAYS_EMBED_SWIFT_STANDARD_LIBRARIES = YES;
				BUNDLE_LOADER = "$(TEST_HOST)";
				DEVELOPMENT_TEAM = HJQH8ETNCF;
				INFOPLIST_FILE = RSSTests/Info.plist;
				LD_RUNPATH_SEARCH_PATHS = "$(inherited) @executable_path/Frameworks @loader_path/Frameworks";
				PRODUCT_BUNDLE_IDENTIFIER = ru.hokmt.RSSTests;
				PRODUCT_NAME = "$(TARGET_NAME)";
				SWIFT_VERSION = 3.0;
				TEST_HOST = "$(BUILT_PRODUCTS_DIR)/RSS.app/RSS";
			};
			name = Release;
		};
		672ABDA41EC8697B003EDCDD /* Debug */ = {
			isa = XCBuildConfiguration;
			buildSettings = {
				ALWAYS_EMBED_SWIFT_STANDARD_LIBRARIES = YES;
				DEVELOPMENT_TEAM = HJQH8ETNCF;
				INFOPLIST_FILE = RSSUITests/Info.plist;
				LD_RUNPATH_SEARCH_PATHS = "$(inherited) @executable_path/Frameworks @loader_path/Frameworks";
				PRODUCT_BUNDLE_IDENTIFIER = ru.hokmt.RSSUITests;
				PRODUCT_NAME = "$(TARGET_NAME)";
				SWIFT_VERSION = 3.0;
				TEST_TARGET_NAME = RSS;
			};
			name = Debug;
		};
		672ABDA51EC8697B003EDCDD /* Release */ = {
			isa = XCBuildConfiguration;
			buildSettings = {
				ALWAYS_EMBED_SWIFT_STANDARD_LIBRARIES = YES;
				DEVELOPMENT_TEAM = HJQH8ETNCF;
				INFOPLIST_FILE = RSSUITests/Info.plist;
				LD_RUNPATH_SEARCH_PATHS = "$(inherited) @executable_path/Frameworks @loader_path/Frameworks";
				PRODUCT_BUNDLE_IDENTIFIER = ru.hokmt.RSSUITests;
				PRODUCT_NAME = "$(TARGET_NAME)";
				SWIFT_VERSION = 3.0;
				TEST_TARGET_NAME = RSS;
			};
			name = Release;
		};
/* End XCBuildConfiguration section */

/* Begin XCConfigurationList section */
		672ABD701EC8697A003EDCDD /* Build configuration list for PBXProject "RSS" */ = {
			isa = XCConfigurationList;
			buildConfigurations = (
				672ABD9B1EC8697B003EDCDD /* Debug */,
				672ABD9C1EC8697B003EDCDD /* Release */,
			);
			defaultConfigurationIsVisible = 0;
			defaultConfigurationName = Release;
		};
		672ABD9D1EC8697B003EDCDD /* Build configuration list for PBXNativeTarget "RSS" */ = {
			isa = XCConfigurationList;
			buildConfigurations = (
				672ABD9E1EC8697B003EDCDD /* Debug */,
				672ABD9F1EC8697B003EDCDD /* Release */,
			);
			defaultConfigurationIsVisible = 0;
			defaultConfigurationName = Release;
		};
		672ABDA01EC8697B003EDCDD /* Build configuration list for PBXNativeTarget "RSSTests" */ = {
			isa = XCConfigurationList;
			buildConfigurations = (
				672ABDA11EC8697B003EDCDD /* Debug */,
				672ABDA21EC8697B003EDCDD /* Release */,
			);
			defaultConfigurationIsVisible = 0;
			defaultConfigurationName = Release;
		};
		672ABDA31EC8697B003EDCDD /* Build configuration list for PBXNativeTarget "RSSUITests" */ = {
			isa = XCConfigurationList;
			buildConfigurations = (
				672ABDA41EC8697B003EDCDD /* Debug */,
				672ABDA51EC8697B003EDCDD /* Release */,
			);
			defaultConfigurationIsVisible = 0;
			defaultConfigurationName = Release;
		};
/* End XCConfigurationList section */
	};
	rootObject = 672ABD6D1EC8697A003EDCDD /* Project object */;
}
